
Microsoft Visual Studio Solution File, Format Version 12.00
# Visual Studio 15
VisualStudioVersion = 15.0.28307.1401
MinimumVisualStudioVersion = 10.0.40219.1
Project("{FAE04EC0-301F-11D3-BF4B-00C04F79EFBC}") = "TestListViewPersistence", "TestListViewPersistence.csproj", "{5FAEC61A-4B04-4E31-873E-FD0932F37A89}"
EndProject
Global
	GlobalSection(SolutionConfigurationPlatforms) = preSolution
		Debug|Any CPU = Debug|Any CPU
		Release|Any CPU = Release|Any CPU
	EndGlobalSection
	GlobalSection(ProjectConfigurationPlatforms) = postSolution
		{5FAEC61A-4B04-4E31-873E-FD0932F37A89}.Debug|Any CPU.ActiveCfg = Debug|Any CPU
		{5FAEC61A-4B04-4E31-873E-FD0932F37A89}.Debug|Any CPU.Build.0 = Debug|Any CPU
		{5FAEC61A-4B04-4E31-873E-FD0932F37A89}.Release|Any CPU.ActiveCfg = Release|Any CPU
		{5FAEC61A-4B04-4E31-873E-FD0932F37A89}.Release|Any CPU.Build.0 = Release|Any CPU
	EndGlobalSection
	GlobalSection(SolutionProperties) = preSolution
		HideSolutionNode = FALSE
	EndGlobalSection
	GlobalSection(ExtensibilityGlobals) = postSolution
		SolutionGuid = {749C8B09-6727-4C4C-B2C3-096157F97A6A}
	EndGlobalSection
EndGlobal
